
Microsoft Visual Studio Solution File, Format Version 12.00
# Visual Studio Version 17
VisualStudioVersion = 17.8.34316.72
MinimumVisualStudioVersion = 10.0.40219.1
Project("{2150E333-8FDC-42A3-9474-1A3956D46DE8}") = "Solution Items", "Solution Items", "{0CD7C229-E003-4372-BCB5-8C6C83096A37}"
	ProjectSection(SolutionItems) = preProject
		.editorconfig = .editorconfig
		Directory.Build.props = Directory.Build.props
	EndProjectSection
EndProject
Project("{9A19103F-16F7-4668-BE54-9A1E7A4F7556}") = "DocxTemplater", "DocxTemplater\DocxTemplater.csproj", "{3903B788-BBF1-49CB-8E0F-67A25B25815B}"
EndProject
Project("{9A19103F-16F7-4668-BE54-9A1E7A4F7556}") = "DocxTemplater.Images", "DocxTemplater.Images\DocxTemplater.Images.csproj", "{315FB1E7-A136-4380-AF01-45B4929DE1C8}"
EndProject
Project("{9A19103F-16F7-4668-BE54-9A1E7A4F7556}") = "DocxTemplater.Test", "DocxTemplater.Test\DocxTemplater.Test.csproj", "{C1F7FAB0-0807-4208-9BD8-E7E5BF6B5986}"
EndProject
Project("{2150E333-8FDC-42A3-9474-1A3956D46DE8}") = "workflows", "workflows", "{63F28020-AE87-4C41-9020-A4236A324EEC}"
	ProjectSection(SolutionItems) = preProject
		.github\workflows\ci.yml = .github\workflows\ci.yml
		.github\workflows\release.yml = .github\workflows\release.yml
	EndProjectSection
EndProject
Project("{FAE04EC0-301F-11D3-BF4B-00C04F79EFBC}") = "DocxTemplater.Markdown", "DocxTemplater.Markdown\DocxTemplater.Markdown.csproj", "{D4CFD3BD-84B8-400C-A088-26FC15ADE80D}"
EndProject
Project("{FAE04EC0-301F-11D3-BF4B-00C04F79EFBC}") = "DocxTemplater.Benchmarks", "DocxTemplater.Benchmarks\DocxTemplater.Benchmarks.csproj", "{0D24969E-0884-462F-8372-5B356D184E1B}"
EndProject
Project("{2150E333-8FDC-42A3-9474-1A3956D46DE8}") = "DocxTemplater.Benchmarks", "DocxTemplater.Benchmarks", "{F4C1CE8A-3C5A-8DED-942B-4A7A2A174883}"
EndProject
Project("{2150E333-8FDC-42A3-9474-1A3956D46DE8}") = "Current", "Current", "{EC545FA1-1DFF-6B32-FC19-F12A643591D5}"
EndProject
Project("{FAE04EC0-301F-11D3-BF4B-00C04F79EFBC}") = "DocxTemplater.Benchmarks.Current", "DocxTemplater.Benchmarks\Current\DocxTemplater.Benchmarks.Current.csproj", "{28AB5B31-B7FE-4280-A438-79639D5F230F}"
EndProject
Project("{2150E333-8FDC-42A3-9474-1A3956D46DE8}") = "V26", "V26", "{997CB94D-9B86-A479-CFEA-2B8352CECEC1}"
EndProject
Project("{FAE04EC0-301F-11D3-BF4B-00C04F79EFBC}") = "DocxTemplater.Benchmarks.V26", "DocxTemplater.Benchmarks\V26\DocxTemplater.Benchmarks.V26.csproj", "{B616C1CF-3068-42E9-85B8-E8693B4EB679}"
EndProject
Global
	GlobalSection(SolutionConfigurationPlatforms) = preSolution
		Debug|Any CPU = Debug|Any CPU
		Debug|x64 = Debug|x64
		Debug|x86 = Debug|x86
		Release|Any CPU = Release|Any CPU
		Release|x64 = Release|x64
		Release|x86 = Release|x86
	EndGlobalSection
	GlobalSection(ProjectConfigurationPlatforms) = postSolution
		{3903B788-BBF1-49CB-8E0F-67A25B25815B}.Debug|Any CPU.ActiveCfg = Debug|Any CPU
		{3903B788-BBF1-49CB-8E0F-67A25B25815B}.Debug|Any CPU.Build.0 = Debug|Any CPU
		{3903B788-BBF1-49CB-8E0F-67A25B25815B}.Debug|x64.ActiveCfg = Debug|Any CPU
		{3903B788-BBF1-49CB-8E0F-67A25B25815B}.Debug|x64.Build.0 = Debug|Any CPU
		{3903B788-BBF1-49CB-8E0F-67A25B25815B}.Debug|x86.ActiveCfg = Debug|Any CPU
		{3903B788-BBF1-49CB-8E0F-67A25B25815B}.Debug|x86.Build.0 = Debug|Any CPU
		{3903B788-BBF1-49CB-8E0F-67A25B25815B}.Release|Any CPU.ActiveCfg = Release|Any CPU
		{3903B788-BBF1-49CB-8E0F-67A25B25815B}.Release|Any CPU.Build.0 = Release|Any CPU
		{3903B788-BBF1-49CB-8E0F-67A25B25815B}.Release|x64.ActiveCfg = Release|Any CPU
		{3903B788-BBF1-49CB-8E0F-67A25B25815B}.Release|x64.Build.0 = Release|Any CPU
		{3903B788-BBF1-49CB-8E0F-67A25B25815B}.Release|x86.ActiveCfg = Release|Any CPU
		{3903B788-BBF1-49CB-8E0F-67A25B25815B}.Release|x86.Build.0 = Release|Any CPU
		{315FB1E7-A136-4380-AF01-45B4929DE1C8}.Debug|Any CPU.ActiveCfg = Debug|Any CPU
		{315FB1E7-A136-4380-AF01-45B4929DE1C8}.Debug|Any CPU.Build.0 = Debug|Any CPU
		{315FB1E7-A136-4380-AF01-45B4929DE1C8}.Debug|x64.ActiveCfg = Debug|Any CPU
		{315FB1E7-A136-4380-AF01-45B4929DE1C8}.Debug|x64.Build.0 = Debug|Any CPU
		{315FB1E7-A136-4380-AF01-45B4929DE1C8}.Debug|x86.ActiveCfg = Debug|Any CPU
		{315FB1E7-A136-4380-AF01-45B4929DE1C8}.Debug|x86.Build.0 = Debug|Any CPU
		{315FB1E7-A136-4380-AF01-45B4929DE1C8}.Release|Any CPU.ActiveCfg = Release|Any CPU
		{315FB1E7-A136-4380-AF01-45B4929DE1C8}.Release|Any CPU.Build.0 = Release|Any CPU
		{315FB1E7-A136-4380-AF01-45B4929DE1C8}.Release|x64.ActiveCfg = Release|Any CPU
		{315FB1E7-A136-4380-AF01-45B4929DE1C8}.Release|x64.Build.0 = Release|Any CPU
		{315FB1E7-A136-4380-AF01-45B4929DE1C8}.Release|x86.ActiveCfg = Release|Any CPU
		{315FB1E7-A136-4380-AF01-45B4929DE1C8}.Release|x86.Build.0 = Release|Any CPU
		{C1F7FAB0-0807-4208-9BD8-E7E5BF6B5986}.Debug|Any CPU.ActiveCfg = Debug|Any CPU
		{C1F7FAB0-0807-4208-9BD8-E7E5BF6B5986}.Debug|Any CPU.Build.0 = Debug|Any CPU
		{C1F7FAB0-0807-4208-9BD8-E7E5BF6B5986}.Debug|x64.ActiveCfg = Debug|Any CPU
		{C1F7FAB0-0807-4208-9BD8-E7E5BF6B5986}.Debug|x64.Build.0 = Debug|Any CPU
		{C1F7FAB0-0807-4208-9BD8-E7E5BF6B5986}.Debug|x86.ActiveCfg = Debug|Any CPU
		{C1F7FAB0-0807-4208-9BD8-E7E5BF6B5986}.Debug|x86.Build.0 = Debug|Any CPU
		{C1F7FAB0-0807-4208-9BD8-E7E5BF6B5986}.Release|Any CPU.ActiveCfg = Release|Any CPU
		{C1F7FAB0-0807-4208-9BD8-E7E5BF6B5986}.Release|Any CPU.Build.0 = Release|Any CPU
		{C1F7FAB0-0807-4208-9BD8-E7E5BF6B5986}.Release|x64.ActiveCfg = Release|Any CPU
		{C1F7FAB0-0807-4208-9BD8-E7E5BF6B5986}.Release|x64.Build.0 = Release|Any CPU
		{C1F7FAB0-0807-4208-9BD8-E7E5BF6B5986}.Release|x86.ActiveCfg = Release|Any CPU
		{C1F7FAB0-0807-4208-9BD8-E7E5BF6B5986}.Release|x86.Build.0 = Release|Any CPU
		{D4CFD3BD-84B8-400C-A088-26FC15ADE80D}.Debug|Any CPU.ActiveCfg = Debug|Any CPU
		{D4CFD3BD-84B8-400C-A088-26FC15ADE80D}.Debug|Any CPU.Build.0 = Debug|Any CPU
		{D4CFD3BD-84B8-400C-A088-26FC15ADE80D}.Debug|x64.ActiveCfg = Debug|Any CPU
		{D4CFD3BD-84B8-400C-A088-26FC15ADE80D}.Debug|x64.Build.0 = Debug|Any CPU
		{D4CFD3BD-84B8-400C-A088-26FC15ADE80D}.Debug|x86.ActiveCfg = Debug|Any CPU
		{D4CFD3BD-84B8-400C-A088-26FC15ADE80D}.Debug|x86.Build.0 = Debug|Any CPU
		{D4CFD3BD-84B8-400C-A088-26FC15ADE80D}.Release|Any CPU.ActiveCfg = Release|Any CPU
		{D4CFD3BD-84B8-400C-A088-26FC15ADE80D}.Release|Any CPU.Build.0 = Release|Any CPU
		{D4CFD3BD-84B8-400C-A088-26FC15ADE80D}.Release|x64.ActiveCfg = Release|Any CPU
		{D4CFD3BD-84B8-400C-A088-26FC15ADE80D}.Release|x64.Build.0 = Release|Any CPU
		{D4CFD3BD-84B8-400C-A088-26FC15ADE80D}.Release|x86.ActiveCfg = Release|Any CPU
		{D4CFD3BD-84B8-400C-A088-26FC15ADE80D}.Release|x86.Build.0 = Release|Any CPU
		{0D24969E-0884-462F-8372-5B356D184E1B}.Debug|Any CPU.ActiveCfg = Debug|Any CPU
		{0D24969E-0884-462F-8372-5B356D184E1B}.Debug|Any CPU.Build.0 = Debug|Any CPU
		{0D24969E-0884-462F-8372-5B356D184E1B}.Debug|x64.ActiveCfg = Debug|Any CPU
		{0D24969E-0884-462F-8372-5B356D184E1B}.Debug|x64.Build.0 = Debug|Any CPU
		{0D24969E-0884-462F-8372-5B356D184E1B}.Debug|x86.ActiveCfg = Debug|Any CPU
		{0D24969E-0884-462F-8372-5B356D184E1B}.Debug|x86.Build.0 = Debug|Any CPU
		{0D24969E-0884-462F-8372-5B356D184E1B}.Release|Any CPU.ActiveCfg = Release|Any CPU
		{0D24969E-0884-462F-8372-5B356D184E1B}.Release|Any CPU.Build.0 = Release|Any CPU
		{0D24969E-0884-462F-8372-5B356D184E1B}.Release|x64.ActiveCfg = Release|Any CPU
		{0D24969E-0884-462F-8372-5B356D184E1B}.Release|x64.Build.0 = Release|Any CPU
		{0D24969E-0884-462F-8372-5B356D184E1B}.Release|x86.ActiveCfg = Release|Any CPU
		{0D24969E-0884-462F-8372-5B356D184E1B}.Release|x86.Build.0 = Release|Any CPU
		{28AB5B31-B7FE-4280-A438-79639D5F230F}.Debug|Any CPU.ActiveCfg = Debug|Any CPU
		{28AB5B31-B7FE-4280-A438-79639D5F230F}.Debug|Any CPU.Build.0 = Debug|Any CPU
		{28AB5B31-B7FE-4280-A438-79639D5F230F}.Debug|x64.ActiveCfg = Debug|Any CPU
		{28AB5B31-B7FE-4280-A438-79639D5F230F}.Debug|x64.Build.0 = Debug|Any CPU
		{28AB5B31-B7FE-4280-A438-79639D5F230F}.Debug|x86.ActiveCfg = Debug|Any CPU
		{28AB5B31-B7FE-4280-A438-79639D5F230F}.Debug|x86.Build.0 = Debug|Any CPU
		{28AB5B31-B7FE-4280-A438-79639D5F230F}.Release|Any CPU.ActiveCfg = Release|Any CPU
		{28AB5B31-B7FE-4280-A438-79639D5F230F}.Release|Any CPU.Build.0 = Release|Any CPU
		{28AB5B31-B7FE-4280-A438-79639D5F230F}.Release|x64.ActiveCfg = Release|Any CPU
		{28AB5B31-B7FE-4280-A438-79639D5F230F}.Release|x64.Build.0 = Release|Any CPU
		{28AB5B31-B7FE-4280-A438-79639D5F230F}.Release|x86.ActiveCfg = Release|Any CPU
		{28AB5B31-B7FE-4280-A438-79639D5F230F}.Release|x86.Build.0 = Release|Any CPU
		{B616C1CF-3068-42E9-85B8-E8693B4EB679}.Debug|Any CPU.ActiveCfg = Debug|Any CPU
		{B616C1CF-3068-42E9-85B8-E8693B4EB679}.Debug|Any CPU.Build.0 = Debug|Any CPU
		{B616C1CF-3068-42E9-85B8-E8693B4EB679}.Debug|x64.ActiveCfg = Debug|Any CPU
		{B616C1CF-3068-42E9-85B8-E8693B4EB679}.Debug|x64.Build.0 = Debug|Any CPU
		{B616C1CF-3068-42E9-85B8-E8693B4EB679}.Debug|x86.ActiveCfg = Debug|Any CPU
		{B616C1CF-3068-42E9-85B8-E8693B4EB679}.Debug|x86.Build.0 = Debug|Any CPU
		{B616C1CF-3068-42E9-85B8-E8693B4EB679}.Release|Any CPU.ActiveCfg = Release|Any CPU
		{B616C1CF-3068-42E9-85B8-E8693B4EB679}.Release|Any CPU.Build.0 = Release|Any CPU
		{B616C1CF-3068-42E9-85B8-E8693B4EB679}.Release|x64.ActiveCfg = Release|Any CPU
		{B616C1CF-3068-42E9-85B8-E8693B4EB679}.Release|x64.Build.0 = Release|Any CPU
		{B616C1CF-3068-42E9-85B8-E8693B4EB679}.Release|x86.ActiveCfg = Release|Any CPU
		{B616C1CF-3068-42E9-85B8-E8693B4EB679}.Release|x86.Build.0 = Release|Any CPU
	EndGlobalSection
	GlobalSection(SolutionProperties) = preSolution
		HideSolutionNode = FALSE
	EndGlobalSection
	GlobalSection(NestedProjects) = preSolution
		{63F28020-AE87-4C41-9020-A4236A324EEC} = {0CD7C229-E003-4372-BCB5-8C6C83096A37}
		{EC545FA1-1DFF-6B32-FC19-F12A643591D5} = {F4C1CE8A-3C5A-8DED-942B-4A7A2A174883}
		{28AB5B31-B7FE-4280-A438-79639D5F230F} = {EC545FA1-1DFF-6B32-FC19-F12A643591D5}
		{997CB94D-9B86-A479-CFEA-2B8352CECEC1} = {F4C1CE8A-3C5A-8DED-942B-4A7A2A174883}
		{B616C1CF-3068-42E9-85B8-E8693B4EB679} = {997CB94D-9B86-A479-CFEA-2B8352CECEC1}
	EndGlobalSection
	GlobalSection(ExtensibilityGlobals) = postSolution
		SolutionGuid = {87BDC60D-731C-4676-AEBA-FECF871AE24A}
	EndGlobalSection
EndGlobal
