
Microsoft Visual Studio Solution File, Format Version 12.00
# Visual Studio Version 17
VisualStudioVersion = 17.8.34316.72
MinimumVisualStudioVersion = 10.0.40219.1
Project("{2150E333-8FDC-42A3-9474-1A3956D46DE8}") = "Solution Items", "Solution Items", "{0CD7C229-E003-4372-BCB5-8C6C83096A37}"
	ProjectSection(SolutionItems) = preProject
		.editorconfig = .editorconfig
		Directory.Build.props = Directory.Build.props
	EndProjectSection
EndProject
Project("{9A19103F-16F7-4668-BE54-9A1E7A4F7556}") = "DocxTemplater", "DocxTemplater\DocxTemplater.csproj", "{3903B788-BBF1-49CB-8E0F-67A25B25815B}"
EndProject
Project("{9A19103F-16F7-4668-BE54-9A1E7A4F7556}") = "DocxTemplater.Images", "DocxTemplater.Images\DocxTemplater.Images.csproj", "{315FB1E7-A136-4380-AF01-45B4929DE1C8}"
EndProject
Project("{9A19103F-16F7-4668-BE54-9A1E7A4F7556}") = "DocxTemplater.Test", "DocxTemplater.Test\DocxTemplater.Test.csproj", "{C1F7FAB0-0807-4208-9BD8-E7E5BF6B5986}"
EndProject
Global
	GlobalSection(SolutionConfigurationPlatforms) = preSolution
		Debug|Any CPU = Debug|Any CPU
		Release|Any CPU = Release|Any CPU
	EndGlobalSection
	GlobalSection(ProjectConfigurationPlatforms) = postSolution
		{3903B788-BBF1-49CB-8E0F-67A25B25815B}.Debug|Any CPU.ActiveCfg = Debug|Any CPU
		{3903B788-BBF1-49CB-8E0F-67A25B25815B}.Debug|Any CPU.Build.0 = Debug|Any CPU
		{3903B788-BBF1-49CB-8E0F-67A25B25815B}.Release|Any CPU.ActiveCfg = Release|Any CPU
		{3903B788-BBF1-49CB-8E0F-67A25B25815B}.Release|Any CPU.Build.0 = Release|Any CPU
		{315FB1E7-A136-4380-AF01-45B4929DE1C8}.Debug|Any CPU.ActiveCfg = Debug|Any CPU
		{315FB1E7-A136-4380-AF01-45B4929DE1C8}.Debug|Any CPU.Build.0 = Debug|Any CPU
		{315FB1E7-A136-4380-AF01-45B4929DE1C8}.Release|Any CPU.ActiveCfg = Release|Any CPU
		{315FB1E7-A136-4380-AF01-45B4929DE1C8}.Release|Any CPU.Build.0 = Release|Any CPU
		{C1F7FAB0-0807-4208-9BD8-E7E5BF6B5986}.Debug|Any CPU.ActiveCfg = Debug|Any CPU
		{C1F7FAB0-0807-4208-9BD8-E7E5BF6B5986}.Debug|Any CPU.Build.0 = Debug|Any CPU
		{C1F7FAB0-0807-4208-9BD8-E7E5BF6B5986}.Release|Any CPU.ActiveCfg = Release|Any CPU
		{C1F7FAB0-0807-4208-9BD8-E7E5BF6B5986}.Release|Any CPU.Build.0 = Release|Any CPU
	EndGlobalSection
	GlobalSection(SolutionProperties) = preSolution
		HideSolutionNode = FALSE
	EndGlobalSection
	GlobalSection(ExtensibilityGlobals) = postSolution
		SolutionGuid = {87BDC60D-731C-4676-AEBA-FECF871AE24A}
	EndGlobalSection
EndGlobal
